// !$*UTF8*$!
{
	archiveVersion = 1;
	classes = {
	};
	objectVersion = 46;
	objects = {

/* Begin PBXBuildFile section */
		432D23BB193907510069AB94 /* Foundation.framework in Frameworks */ = {isa = PBXBuildFile; fileRef = 432D23BA193907510069AB94 /* Foundation.framework */; };
		432D23BD193907510069AB94 /* CoreGraphics.framework in Frameworks */ = {isa = PBXBuildFile; fileRef = 432D23BC193907510069AB94 /* CoreGraphics.framework */; };
		432D23BF193907510069AB94 /* UIKit.framework in Frameworks */ = {isa = PBXBuildFile; fileRef = 432D23BE193907510069AB94 /* UIKit.framework */; };
		432D23C5193907510069AB94 /* InfoPlist.strings in Resources */ = {isa = PBXBuildFile; fileRef = 432D23C3193907510069AB94 /* InfoPlist.strings */; };
		432D23C7193907510069AB94 /* main.m in Sources */ = {isa = PBXBuildFile; fileRef = 432D23C6193907510069AB94 /* main.m */; };
		432D23CB193907510069AB94 /* AMMAppDelegate.m in Sources */ = {isa = PBXBuildFile; fileRef = 432D23CA193907510069AB94 /* AMMAppDelegate.m */; };
		432D23CE193907510069AB94 /* Main_iPhone.storyboard in Resources */ = {isa = PBXBuildFile; fileRef = 432D23CC193907510069AB94 /* Main_iPhone.storyboard */; };
		432D23D1193907510069AB94 /* Main_iPad.storyboard in Resources */ = {isa = PBXBuildFile; fileRef = 432D23CF193907510069AB94 /* Main_iPad.storyboard */; };
		432D23D4193907510069AB94 /* AMMViewController.m in Sources */ = {isa = PBXBuildFile; fileRef = 432D23D3193907510069AB94 /* AMMViewController.m */; };
		432D23D6193907510069AB94 /* Images.xcassets in Resources */ = {isa = PBXBuildFile; fileRef = 432D23D5193907510069AB94 /* Images.xcassets */; };
		432D23DD193907510069AB94 /* XCTest.framework in Frameworks */ = {isa = PBXBuildFile; fileRef = 432D23DC193907510069AB94 /* XCTest.framework */; };
		432D23DE193907510069AB94 /* Foundation.framework in Frameworks */ = {isa = PBXBuildFile; fileRef = 432D23BA193907510069AB94 /* Foundation.framework */; };
		432D23DF193907510069AB94 /* UIKit.framework in Frameworks */ = {isa = PBXBuildFile; fileRef = 432D23BE193907510069AB94 /* UIKit.framework */; };
		432D23E7193907510069AB94 /* InfoPlist.strings in Resources */ = {isa = PBXBuildFile; fileRef = 432D23E5193907510069AB94 /* InfoPlist.strings */; };
		432D23E9193907510069AB94 /* AloneMakMakTests.m in Sources */ = {isa = PBXBuildFile; fileRef = 432D23E8193907510069AB94 /* AloneMakMakTests.m */; };
		432D240A19390EDC0069AB94 /* API.m in Sources */ = {isa = PBXBuildFile; fileRef = 432D23F419390EDC0069AB94 /* API.m */; };
		432D240B19390EDC0069AB94 /* AFHTTPRequestOperation.m in Sources */ = {isa = PBXBuildFile; fileRef = 432D23F819390EDC0069AB94 /* AFHTTPRequestOperation.m */; };
		432D240C19390EDC0069AB94 /* AFHTTPRequestOperationManager.m in Sources */ = {isa = PBXBuildFile; fileRef = 432D23FA19390EDC0069AB94 /* AFHTTPRequestOperationManager.m */; };
		432D240D19390EDC0069AB94 /* AFHTTPSessionManager.m in Sources */ = {isa = PBXBuildFile; fileRef = 432D23FC19390EDC0069AB94 /* AFHTTPSessionManager.m */; };
		432D240E19390EDC0069AB94 /* AFNetworkReachabilityManager.m in Sources */ = {isa = PBXBuildFile; fileRef = 432D23FF19390EDC0069AB94 /* AFNetworkReachabilityManager.m */; };
		432D240F19390EDC0069AB94 /* AFSecurityPolicy.m in Sources */ = {isa = PBXBuildFile; fileRef = 432D240119390EDC0069AB94 /* AFSecurityPolicy.m */; };
		432D241019390EDC0069AB94 /* AFURLConnectionOperation.m in Sources */ = {isa = PBXBuildFile; fileRef = 432D240319390EDC0069AB94 /* AFURLConnectionOperation.m */; };
		432D241119390EDC0069AB94 /* AFURLRequestSerialization.m in Sources */ = {isa = PBXBuildFile; fileRef = 432D240519390EDC0069AB94 /* AFURLRequestSerialization.m */; };
		432D241219390EDC0069AB94 /* AFURLResponseSerialization.m in Sources */ = {isa = PBXBuildFile; fileRef = 432D240719390EDC0069AB94 /* AFURLResponseSerialization.m */; };
		432D241319390EDC0069AB94 /* AFURLSessionManager.m in Sources */ = {isa = PBXBuildFile; fileRef = 432D240919390EDC0069AB94 /* AFURLSessionManager.m */; };
		432D2417193910970069AB94 /* ViewListImage.m in Sources */ = {isa = PBXBuildFile; fileRef = 432D2416193910970069AB94 /* ViewListImage.m */; };
		432D241B193914C80069AB94 /* UIImagePickerCustom.m in Sources */ = {isa = PBXBuildFile; fileRef = 432D241A193914C80069AB94 /* UIImagePickerCustom.m */; };
		432D242019391FBD0069AB94 /* CoreMotion.framework in Frameworks */ = {isa = PBXBuildFile; fileRef = 432D241F19391FBD0069AB94 /* CoreMotion.framework */; };
		432D2424193921F10069AB94 /* ViewUtil.m in Sources */ = {isa = PBXBuildFile; fileRef = 432D2423193921F10069AB94 /* ViewUtil.m */; };
		432D242819392AC00069AB94 /* ViewOutput.m in Sources */ = {isa = PBXBuildFile; fileRef = 432D242719392AC00069AB94 /* ViewOutput.m */; };
		43F07F85193D198000C5E49E /* DB Silom X Bd_0.ttf in Resources */ = {isa = PBXBuildFile; fileRef = 43F07F63193D198000C5E49E /* DB Silom X Bd_0.ttf */; };
		43F07F86193D198000C5E49E /* DB Silom X BdIt_0.ttf in Resources */ = {isa = PBXBuildFile; fileRef = 43F07F64193D198000C5E49E /* DB Silom X BdIt_0.ttf */; };
		43F07F87193D198000C5E49E /* DB Silom X Italic_0.ttf in Resources */ = {isa = PBXBuildFile; fileRef = 43F07F65193D198000C5E49E /* DB Silom X Italic_0.ttf */; };
		43F07F88193D198000C5E49E /* DB Silom X_0.ttf in Resources */ = {isa = PBXBuildFile; fileRef = 43F07F66193D198000C5E49E /* DB Silom X_0.ttf */; };
		43F07FA9193D273300C5E49E /* ViewShare.m in Sources */ = {isa = PBXBuildFile; fileRef = 43F07FA8193D273300C5E49E /* ViewShare.m */; };
		43F07FC5193D2E9400C5E49E /* enteremail-bg.png in Resources */ = {isa = PBXBuildFile; fileRef = 43F07FAB193D2E9400C5E49E /* enteremail-bg.png */; };
		43F07FC6193D2E9400C5E49E /* enteremail-bg@2x.png in Resources */ = {isa = PBXBuildFile; fileRef = 43F07FAC193D2E9400C5E49E /* enteremail-bg@2x.png */; };
		43F07FC7193D2E9400C5E49E /* enteremail-FormEmail.png in Resources */ = {isa = PBXBuildFile; fileRef = 43F07FAD193D2E9400C5E49E /* enteremail-FormEmail.png */; };
		43F07FC8193D2E9400C5E49E /* enteremail-FormEmail@2x.png in Resources */ = {isa = PBXBuildFile; fileRef = 43F07FAE193D2E9400C5E49E /* enteremail-FormEmail@2x.png */; };
		43F07FC9193D2E9400C5E49E /* frame.png in Resources */ = {isa = PBXBuildFile; fileRef = 43F07FAF193D2E9400C5E49E /* frame.png */; };
		43F07FCA193D2E9400C5E49E /* frame@2x.png in Resources */ = {isa = PBXBuildFile; fileRef = 43F07FB0193D2E9400C5E49E /* frame@2x.png */; };
		43F07FCB193D2E9400C5E49E /* intro-02.png in Resources */ = {isa = PBXBuildFile; fileRef = 43F07FB1193D2E9400C5E49E /* intro-02.png */; };
		43F07FCC193D2E9400C5E49E /* intro-02@2x.png in Resources */ = {isa = PBXBuildFile; fileRef = 43F07FB2193D2E9400C5E49E /* intro-02@2x.png */; };
		43F07FCD193D2E9400C5E49E /* intro-bg.jpg in Resources */ = {isa = PBXBuildFile; fileRef = 43F07FB3193D2E9400C5E49E /* intro-bg.jpg */; };
		43F07FCE193D2E9400C5E49E /* intro-bg@2x.jpg in Resources */ = {isa = PBXBuildFile; fileRef = 43F07FB4193D2E9400C5E49E /* intro-bg@2x.jpg */; };
		43F07FCF193D2E9400C5E49E /* intro-btnGallery.png in Resources */ = {isa = PBXBuildFile; fileRef = 43F07FB5193D2E9400C5E49E /* intro-btnGallery.png */; };
		43F07FD0193D2E9400C5E49E /* intro-btnGallery@2x.png in Resources */ = {isa = PBXBuildFile; fileRef = 43F07FB6193D2E9400C5E49E /* intro-btnGallery@2x.png */; };
		43F07FD1193D2E9400C5E49E /* intro-btnStart.png in Resources */ = {isa = PBXBuildFile; fileRef = 43F07FB7193D2E9400C5E49E /* intro-btnStart.png */; };
		43F07FD2193D2E9400C5E49E /* intro-btnStart@2x.png in Resources */ = {isa = PBXBuildFile; fileRef = 43F07FB8193D2E9400C5E49E /* intro-btnStart@2x.png */; };
		43F07FD3193D2E9400C5E49E /* share-bg.jpg in Resources */ = {isa = PBXBuildFile; fileRef = 43F07FB9193D2E9400C5E49E /* share-bg.jpg */; };
		43F07FD4193D2E9400C5E49E /* share-bg@2x.jpg in Resources */ = {isa = PBXBuildFile; fileRef = 43F07FBA193D2E9400C5E49E /* share-bg@2x.jpg */; };
		43F07FD5193D2E9400C5E49E /* share-btnBack.png in Resources */ = {isa = PBXBuildFile; fileRef = 43F07FBB193D2E9400C5E49E /* share-btnBack.png */; };
		43F07FD6193D2E9400C5E49E /* share-btnBack@2x.png in Resources */ = {isa = PBXBuildFile; fileRef = 43F07FBC193D2E9400C5E49E /* share-btnBack@2x.png */; };
		43F07FD7193D2E9400C5E49E /* share-btnFB.png in Resources */ = {isa = PBXBuildFile; fileRef = 43F07FBD193D2E9400C5E49E /* share-btnFB.png */; };
		43F07FD8193D2E9400C5E49E /* share-btnFB@2x.png in Resources */ = {isa = PBXBuildFile; fileRef = 43F07FBE193D2E9400C5E49E /* share-btnFB@2x.png */; };
		43F07FD9193D2E9400C5E49E /* share-btnSendMail.png in Resources */ = {isa = PBXBuildFile; fileRef = 43F07FBF193D2E9400C5E49E /* share-btnSendMail.png */; };
		43F07FDA193D2E9400C5E49E /* share-btnSendMail@2x.png in Resources */ = {isa = PBXBuildFile; fileRef = 43F07FC0193D2E9400C5E49E /* share-btnSendMail@2x.png */; };
		43F07FDB193D2E9400C5E49E /* share-Logo.png in Resources */ = {isa = PBXBuildFile; fileRef = 43F07FC1193D2E9400C5E49E /* share-Logo.png */; };
		43F07FDC193D2E9400C5E49E /* share-Logo@2x.png in Resources */ = {isa = PBXBuildFile; fileRef = 43F07FC2193D2E9400C5E49E /* share-Logo@2x.png */; };
		43F07FDD193D2E9400C5E49E /* thx-btnBackhome.png in Resources */ = {isa = PBXBuildFile; fileRef = 43F07FC3193D2E9400C5E49E /* thx-btnBackhome.png */; };
		43F07FDE193D2E9400C5E49E /* thx-btnBackhome@2x.png in Resources */ = {isa = PBXBuildFile; fileRef = 43F07FC4193D2E9400C5E49E /* thx-btnBackhome@2x.png */; };
		43F07FE2193D387800C5E49E /* ViewSendEmail.m in Sources */ = {isa = PBXBuildFile; fileRef = 43F07FE1193D387800C5E49E /* ViewSendEmail.m */; };
		43F07FE6193D3B0700C5E49E /* ViewThank.m in Sources */ = {isa = PBXBuildFile; fileRef = 43F07FE5193D3B0700C5E49E /* ViewThank.m */; };
/* End PBXBuildFile section */

/* Begin PBXContainerItemProxy section */
		432D23E0193907510069AB94 /* PBXContainerItemProxy */ = {
			isa = PBXContainerItemProxy;
			containerPortal = 432D23AF193907510069AB94 /* Project object */;
			proxyType = 1;
			remoteGlobalIDString = 432D23B6193907510069AB94;
			remoteInfo = AloneMakMak;
		};
/* End PBXContainerItemProxy section */

/* Begin PBXFileReference section */
		432D23B7193907510069AB94 /* AloneMakMak.app */ = {isa = PBXFileReference; explicitFileType = wrapper.application; includeInIndex = 0; path = AloneMakMak.app; sourceTree = BUILT_PRODUCTS_DIR; };
		432D23BA193907510069AB94 /* Foundation.framework */ = {isa = PBXFileReference; lastKnownFileType = wrapper.framework; name = Foundation.framework; path = System/Library/Frameworks/Foundation.framework; sourceTree = SDKROOT; };
		432D23BC193907510069AB94 /* CoreGraphics.framework */ = {isa = PBXFileReference; lastKnownFileType = wrapper.framework; name = CoreGraphics.framework; path = System/Library/Frameworks/CoreGraphics.framework; sourceTree = SDKROOT; };
		432D23BE193907510069AB94 /* UIKit.framework */ = {isa = PBXFileReference; lastKnownFileType = wrapper.framework; name = UIKit.framework; path = System/Library/Frameworks/UIKit.framework; sourceTree = SDKROOT; };
		432D23C2193907510069AB94 /* AloneMakMak-Info.plist */ = {isa = PBXFileReference; lastKnownFileType = text.plist.xml; path = "AloneMakMak-Info.plist"; sourceTree = "<group>"; };
		432D23C4193907510069AB94 /* en */ = {isa = PBXFileReference; lastKnownFileType = text.plist.strings; name = en; path = en.lproj/InfoPlist.strings; sourceTree = "<group>"; };
		432D23C6193907510069AB94 /* main.m */ = {isa = PBXFileReference; lastKnownFileType = sourcecode.c.objc; path = main.m; sourceTree = "<group>"; };
		432D23C8193907510069AB94 /* AloneMakMak-Prefix.pch */ = {isa = PBXFileReference; lastKnownFileType = sourcecode.c.h; path = "AloneMakMak-Prefix.pch"; sourceTree = "<group>"; };
		432D23C9193907510069AB94 /* AMMAppDelegate.h */ = {isa = PBXFileReference; lastKnownFileType = sourcecode.c.h; path = AMMAppDelegate.h; sourceTree = "<group>"; };
		432D23CA193907510069AB94 /* AMMAppDelegate.m */ = {isa = PBXFileReference; lastKnownFileType = sourcecode.c.objc; path = AMMAppDelegate.m; sourceTree = "<group>"; };
		432D23CD193907510069AB94 /* Base */ = {isa = PBXFileReference; lastKnownFileType = file.storyboard; name = Base; path = Base.lproj/Main_iPhone.storyboard; sourceTree = "<group>"; };
		432D23D0193907510069AB94 /* Base */ = {isa = PBXFileReference; lastKnownFileType = file.storyboard; name = Base; path = Base.lproj/Main_iPad.storyboard; sourceTree = "<group>"; };
		432D23D2193907510069AB94 /* AMMViewController.h */ = {isa = PBXFileReference; lastKnownFileType = sourcecode.c.h; path = AMMViewController.h; sourceTree = "<group>"; };
		432D23D3193907510069AB94 /* AMMViewController.m */ = {isa = PBXFileReference; lastKnownFileType = sourcecode.c.objc; path = AMMViewController.m; sourceTree = "<group>"; };
		432D23D5193907510069AB94 /* Images.xcassets */ = {isa = PBXFileReference; lastKnownFileType = folder.assetcatalog; path = Images.xcassets; sourceTree = "<group>"; };
		432D23DB193907510069AB94 /* AloneMakMakTests.xctest */ = {isa = PBXFileReference; explicitFileType = wrapper.cfbundle; includeInIndex = 0; path = AloneMakMakTests.xctest; sourceTree = BUILT_PRODUCTS_DIR; };
		432D23DC193907510069AB94 /* XCTest.framework */ = {isa = PBXFileReference; lastKnownFileType = wrapper.framework; name = XCTest.framework; path = Library/Frameworks/XCTest.framework; sourceTree = DEVELOPER_DIR; };
		432D23E4193907510069AB94 /* AloneMakMakTests-Info.plist */ = {isa = PBXFileReference; lastKnownFileType = text.plist.xml; path = "AloneMakMakTests-Info.plist"; sourceTree = "<group>"; };
		432D23E6193907510069AB94 /* en */ = {isa = PBXFileReference; lastKnownFileType = text.plist.strings; name = en; path = en.lproj/InfoPlist.strings; sourceTree = "<group>"; };
		432D23E8193907510069AB94 /* AloneMakMakTests.m */ = {isa = PBXFileReference; lastKnownFileType = sourcecode.c.objc; path = AloneMakMakTests.m; sourceTree = "<group>"; };
		432D23F319390EDC0069AB94 /* API.h */ = {isa = PBXFileReference; fileEncoding = 4; lastKnownFileType = sourcecode.c.h; path = API.h; sourceTree = "<group>"; };
		432D23F419390EDC0069AB94 /* API.m */ = {isa = PBXFileReference; fileEncoding = 4; lastKnownFileType = sourcecode.c.objc; path = API.m; sourceTree = "<group>"; };
		432D23F719390EDC0069AB94 /* AFHTTPRequestOperation.h */ = {isa = PBXFileReference; fileEncoding = 4; lastKnownFileType = sourcecode.c.h; path = AFHTTPRequestOperation.h; sourceTree = "<group>"; };
		432D23F819390EDC0069AB94 /* AFHTTPRequestOperation.m */ = {isa = PBXFileReference; fileEncoding = 4; lastKnownFileType = sourcecode.c.objc; path = AFHTTPRequestOperation.m; sourceTree = "<group>"; };
		432D23F919390EDC0069AB94 /* AFHTTPRequestOperationManager.h */ = {isa = PBXFileReference; fileEncoding = 4; lastKnownFileType = sourcecode.c.h; path = AFHTTPRequestOperationManager.h; sourceTree = "<group>"; };
		432D23FA19390EDC0069AB94 /* AFHTTPRequestOperationManager.m */ = {isa = PBXFileReference; fileEncoding = 4; lastKnownFileType = sourcecode.c.objc; path = AFHTTPRequestOperationManager.m; sourceTree = "<group>"; };
		432D23FB19390EDC0069AB94 /* AFHTTPSessionManager.h */ = {isa = PBXFileReference; fileEncoding = 4; lastKnownFileType = sourcecode.c.h; path = AFHTTPSessionManager.h; sourceTree = "<group>"; };
		432D23FC19390EDC0069AB94 /* AFHTTPSessionManager.m */ = {isa = PBXFileReference; fileEncoding = 4; lastKnownFileType = sourcecode.c.objc; path = AFHTTPSessionManager.m; sourceTree = "<group>"; };
		432D23FD19390EDC0069AB94 /* AFNetworking.h */ = {isa = PBXFileReference; fileEncoding = 4; lastKnownFileType = sourcecode.c.h; path = AFNetworking.h; sourceTree = "<group>"; };
		432D23FE19390EDC0069AB94 /* AFNetworkReachabilityManager.h */ = {isa = PBXFileReference; fileEncoding = 4; lastKnownFileType = sourcecode.c.h; path = AFNetworkReachabilityManager.h; sourceTree = "<group>"; };
		432D23FF19390EDC0069AB94 /* AFNetworkReachabilityManager.m */ = {isa = PBXFileReference; fileEncoding = 4; lastKnownFileType = sourcecode.c.objc; path = AFNetworkReachabilityManager.m; sourceTree = "<group>"; };
		432D240019390EDC0069AB94 /* AFSecurityPolicy.h */ = {isa = PBXFileReference; fileEncoding = 4; lastKnownFileType = sourcecode.c.h; path = AFSecurityPolicy.h; sourceTree = "<group>"; };
		432D240119390EDC0069AB94 /* AFSecurityPolicy.m */ = {isa = PBXFileReference; fileEncoding = 4; lastKnownFileType = sourcecode.c.objc; path = AFSecurityPolicy.m; sourceTree = "<group>"; };
		432D240219390EDC0069AB94 /* AFURLConnectionOperation.h */ = {isa = PBXFileReference; fileEncoding = 4; lastKnownFileType = sourcecode.c.h; path = AFURLConnectionOperation.h; sourceTree = "<group>"; };
		432D240319390EDC0069AB94 /* AFURLConnectionOperation.m */ = {isa = PBXFileReference; fileEncoding = 4; lastKnownFileType = sourcecode.c.objc; path = AFURLConnectionOperation.m; sourceTree = "<group>"; };
		432D240419390EDC0069AB94 /* AFURLRequestSerialization.h */ = {isa = PBXFileReference; fileEncoding = 4; lastKnownFileType = sourcecode.c.h; path = AFURLRequestSerialization.h; sourceTree = "<group>"; };
		432D240519390EDC0069AB94 /* AFURLRequestSerialization.m */ = {isa = PBXFileReference; fileEncoding = 4; lastKnownFileType = sourcecode.c.objc; path = AFURLRequestSerialization.m; sourceTree = "<group>"; };
		432D240619390EDC0069AB94 /* AFURLResponseSerialization.h */ = {isa = PBXFileReference; fileEncoding = 4; lastKnownFileType = sourcecode.c.h; path = AFURLResponseSerialization.h; sourceTree = "<group>"; };
		432D240719390EDC0069AB94 /* AFURLResponseSerialization.m */ = {isa = PBXFileReference; fileEncoding = 4; lastKnownFileType = sourcecode.c.objc; path = AFURLResponseSerialization.m; sourceTree = "<group>"; };
		432D240819390EDC0069AB94 /* AFURLSessionManager.h */ = {isa = PBXFileReference; fileEncoding = 4; lastKnownFileType = sourcecode.c.h; path = AFURLSessionManager.h; sourceTree = "<group>"; };
		432D240919390EDC0069AB94 /* AFURLSessionManager.m */ = {isa = PBXFileReference; fileEncoding = 4; lastKnownFileType = sourcecode.c.objc; path = AFURLSessionManager.m; sourceTree = "<group>"; };
		432D2415193910970069AB94 /* ViewListImage.h */ = {isa = PBXFileReference; fileEncoding = 4; lastKnownFileType = sourcecode.c.h; path = ViewListImage.h; sourceTree = "<group>"; };
		432D2416193910970069AB94 /* ViewListImage.m */ = {isa = PBXFileReference; fileEncoding = 4; lastKnownFileType = sourcecode.c.objc; path = ViewListImage.m; sourceTree = "<group>"; };
		432D2419193914C80069AB94 /* UIImagePickerCustom.h */ = {isa = PBXFileReference; fileEncoding = 4; lastKnownFileType = sourcecode.c.h; path = UIImagePickerCustom.h; sourceTree = "<group>"; };
		432D241A193914C80069AB94 /* UIImagePickerCustom.m */ = {isa = PBXFileReference; fileEncoding = 4; lastKnownFileType = sourcecode.c.objc; path = UIImagePickerCustom.m; sourceTree = "<group>"; };
		432D241F19391FBD0069AB94 /* CoreMotion.framework */ = {isa = PBXFileReference; lastKnownFileType = wrapper.framework; name = CoreMotion.framework; path = System/Library/Frameworks/CoreMotion.framework; sourceTree = SDKROOT; };
		432D2422193921F10069AB94 /* ViewUtil.h */ = {isa = PBXFileReference; fileEncoding = 4; lastKnownFileType = sourcecode.c.h; path = ViewUtil.h; sourceTree = "<group>"; };
		432D2423193921F10069AB94 /* ViewUtil.m */ = {isa = PBXFileReference; fileEncoding = 4; lastKnownFileType = sourcecode.c.objc; path = ViewUtil.m; sourceTree = "<group>"; };
		432D242619392AC00069AB94 /* ViewOutput.h */ = {isa = PBXFileReference; fileEncoding = 4; lastKnownFileType = sourcecode.c.h; path = ViewOutput.h; sourceTree = "<group>"; };
		432D242719392AC00069AB94 /* ViewOutput.m */ = {isa = PBXFileReference; fileEncoding = 4; lastKnownFileType = sourcecode.c.objc; path = ViewOutput.m; sourceTree = "<group>"; };
		43F07F63193D198000C5E49E /* DB Silom X Bd_0.ttf */ = {isa = PBXFileReference; lastKnownFileType = file; path = "DB Silom X Bd_0.ttf"; sourceTree = "<group>"; };
		43F07F64193D198000C5E49E /* DB Silom X BdIt_0.ttf */ = {isa = PBXFileReference; lastKnownFileType = file; path = "DB Silom X BdIt_0.ttf"; sourceTree = "<group>"; };
		43F07F65193D198000C5E49E /* DB Silom X Italic_0.ttf */ = {isa = PBXFileReference; lastKnownFileType = file; path = "DB Silom X Italic_0.ttf"; sourceTree = "<group>"; };
		43F07F66193D198000C5E49E /* DB Silom X_0.ttf */ = {isa = PBXFileReference; lastKnownFileType = file; path = "DB Silom X_0.ttf"; sourceTree = "<group>"; };
		43F07FA7193D273300C5E49E /* ViewShare.h */ = {isa = PBXFileReference; fileEncoding = 4; lastKnownFileType = sourcecode.c.h; path = ViewShare.h; sourceTree = "<group>"; };
		43F07FA8193D273300C5E49E /* ViewShare.m */ = {isa = PBXFileReference; fileEncoding = 4; lastKnownFileType = sourcecode.c.objc; path = ViewShare.m; sourceTree = "<group>"; };
		43F07FAB193D2E9400C5E49E /* enteremail-bg.png */ = {isa = PBXFileReference; lastKnownFileType = image.png; path = "enteremail-bg.png"; sourceTree = "<group>"; };
		43F07FAC193D2E9400C5E49E /* enteremail-bg@2x.png */ = {isa = PBXFileReference; lastKnownFileType = image.png; path = "enteremail-bg@2x.png"; sourceTree = "<group>"; };
		43F07FAD193D2E9400C5E49E /* enteremail-FormEmail.png */ = {isa = PBXFileReference; lastKnownFileType = image.png; path = "enteremail-FormEmail.png"; sourceTree = "<group>"; };
		43F07FAE193D2E9400C5E49E /* enteremail-FormEmail@2x.png */ = {isa = PBXFileReference; lastKnownFileType = image.png; path = "enteremail-FormEmail@2x.png"; sourceTree = "<group>"; };
		43F07FAF193D2E9400C5E49E /* frame.png */ = {isa = PBXFileReference; lastKnownFileType = image.png; path = frame.png; sourceTree = "<group>"; };
		43F07FB0193D2E9400C5E49E /* frame@2x.png */ = {isa = PBXFileReference; lastKnownFileType = image.png; path = "frame@2x.png"; sourceTree = "<group>"; };
		43F07FB1193D2E9400C5E49E /* intro-02.png */ = {isa = PBXFileReference; lastKnownFileType = image.png; path = "intro-02.png"; sourceTree = "<group>"; };
		43F07FB2193D2E9400C5E49E /* intro-02@2x.png */ = {isa = PBXFileReference; lastKnownFileType = image.png; path = "intro-02@2x.png"; sourceTree = "<group>"; };
		43F07FB3193D2E9400C5E49E /* intro-bg.jpg */ = {isa = PBXFileReference; lastKnownFileType = image.jpeg; path = "intro-bg.jpg"; sourceTree = "<group>"; };
		43F07FB4193D2E9400C5E49E /* intro-bg@2x.jpg */ = {isa = PBXFileReference; lastKnownFileType = image.jpeg; path = "intro-bg@2x.jpg"; sourceTree = "<group>"; };
		43F07FB5193D2E9400C5E49E /* intro-btnGallery.png */ = {isa = PBXFileReference; lastKnownFileType = image.png; path = "intro-btnGallery.png"; sourceTree = "<group>"; };
		43F07FB6193D2E9400C5E49E /* intro-btnGallery@2x.png */ = {isa = PBXFileReference; lastKnownFileType = image.png; path = "intro-btnGallery@2x.png"; sourceTree = "<group>"; };
		43F07FB7193D2E9400C5E49E /* intro-btnStart.png */ = {isa = PBXFileReference; lastKnownFileType = image.png; path = "intro-btnStart.png"; sourceTree = "<group>"; };
		43F07FB8193D2E9400C5E49E /* intro-btnStart@2x.png */ = {isa = PBXFileReference; lastKnownFileType = image.png; path = "intro-btnStart@2x.png"; sourceTree = "<group>"; };
		43F07FB9193D2E9400C5E49E /* share-bg.jpg */ = {isa = PBXFileReference; lastKnownFileType = image.jpeg; path = "share-bg.jpg"; sourceTree = "<group>"; };
		43F07FBA193D2E9400C5E49E /* share-bg@2x.jpg */ = {isa = PBXFileReference; lastKnownFileType = image.jpeg; path = "share-bg@2x.jpg"; sourceTree = "<group>"; };
		43F07FBB193D2E9400C5E49E /* share-btnBack.png */ = {isa = PBXFileReference; lastKnownFileType = image.png; path = "share-btnBack.png"; sourceTree = "<group>"; };
		43F07FBC193D2E9400C5E49E /* share-btnBack@2x.png */ = {isa = PBXFileReference; lastKnownFileType = image.png; path = "share-btnBack@2x.png"; sourceTree = "<group>"; };
		43F07FBD193D2E9400C5E49E /* share-btnFB.png */ = {isa = PBXFileReference; lastKnownFileType = image.png; path = "share-btnFB.png"; sourceTree = "<group>"; };
		43F07FBE193D2E9400C5E49E /* share-btnFB@2x.png */ = {isa = PBXFileReference; lastKnownFileType = image.png; path = "share-btnFB@2x.png"; sourceTree = "<group>"; };
		43F07FBF193D2E9400C5E49E /* share-btnSendMail.png */ = {isa = PBXFileReference; lastKnownFileType = image.png; path = "share-btnSendMail.png"; sourceTree = "<group>"; };
		43F07FC0193D2E9400C5E49E /* share-btnSendMail@2x.png */ = {isa = PBXFileReference; lastKnownFileType = image.png; path = "share-btnSendMail@2x.png"; sourceTree = "<group>"; };
		43F07FC1193D2E9400C5E49E /* share-Logo.png */ = {isa = PBXFileReference; lastKnownFileType = image.png; path = "share-Logo.png"; sourceTree = "<group>"; };
		43F07FC2193D2E9400C5E49E /* share-Logo@2x.png */ = {isa = PBXFileReference; lastKnownFileType = image.png; path = "share-Logo@2x.png"; sourceTree = "<group>"; };
		43F07FC3193D2E9400C5E49E /* thx-btnBackhome.png */ = {isa = PBXFileReference; lastKnownFileType = image.png; path = "thx-btnBackhome.png"; sourceTree = "<group>"; };
		43F07FC4193D2E9400C5E49E /* thx-btnBackhome@2x.png */ = {isa = PBXFileReference; lastKnownFileType = image.png; path = "thx-btnBackhome@2x.png"; sourceTree = "<group>"; };
		43F07FE0193D387800C5E49E /* ViewSendEmail.h */ = {isa = PBXFileReference; fileEncoding = 4; lastKnownFileType = sourcecode.c.h; path = ViewSendEmail.h; sourceTree = "<group>"; };
		43F07FE1193D387800C5E49E /* ViewSendEmail.m */ = {isa = PBXFileReference; fileEncoding = 4; lastKnownFileType = sourcecode.c.objc; path = ViewSendEmail.m; sourceTree = "<group>"; };
		43F07FE4193D3B0700C5E49E /* ViewThank.h */ = {isa = PBXFileReference; fileEncoding = 4; lastKnownFileType = sourcecode.c.h; path = ViewThank.h; sourceTree = "<group>"; };
		43F07FE5193D3B0700C5E49E /* ViewThank.m */ = {isa = PBXFileReference; fileEncoding = 4; lastKnownFileType = sourcecode.c.objc; path = ViewThank.m; sourceTree = "<group>"; };
/* End PBXFileReference section */

/* Begin PBXFrameworksBuildPhase section */
		432D23B4193907510069AB94 /* Frameworks */ = {
			isa = PBXFrameworksBuildPhase;
			buildActionMask = 2147483647;
			files = (
				432D242019391FBD0069AB94 /* CoreMotion.framework in Frameworks */,
				432D23BD193907510069AB94 /* CoreGraphics.framework in Frameworks */,
				432D23BF193907510069AB94 /* UIKit.framework in Frameworks */,
				432D23BB193907510069AB94 /* Foundation.framework in Frameworks */,
			);
			runOnlyForDeploymentPostprocessing = 0;
		};
		432D23D8193907510069AB94 /* Frameworks */ = {
			isa = PBXFrameworksBuildPhase;
			buildActionMask = 2147483647;
			files = (
				432D23DD193907510069AB94 /* XCTest.framework in Frameworks */,
				432D23DF193907510069AB94 /* UIKit.framework in Frameworks */,
				432D23DE193907510069AB94 /* Foundation.framework in Frameworks */,
			);
			runOnlyForDeploymentPostprocessing = 0;
		};
/* End PBXFrameworksBuildPhase section */

/* Begin PBXGroup section */
		432D23AE193907510069AB94 = {
			isa = PBXGroup;
			children = (
				432D23C0193907510069AB94 /* AloneMakMak */,
				432D23E2193907510069AB94 /* AloneMakMakTests */,
				432D23B9193907510069AB94 /* Frameworks */,
				432D23B8193907510069AB94 /* Products */,
			);
			sourceTree = "<group>";
		};
		432D23B8193907510069AB94 /* Products */ = {
			isa = PBXGroup;
			children = (
				432D23B7193907510069AB94 /* AloneMakMak.app */,
				432D23DB193907510069AB94 /* AloneMakMakTests.xctest */,
			);
			name = Products;
			sourceTree = "<group>";
		};
		432D23B9193907510069AB94 /* Frameworks */ = {
			isa = PBXGroup;
			children = (
				432D241F19391FBD0069AB94 /* CoreMotion.framework */,
				432D23BA193907510069AB94 /* Foundation.framework */,
				432D23BC193907510069AB94 /* CoreGraphics.framework */,
				432D23BE193907510069AB94 /* UIKit.framework */,
				432D23DC193907510069AB94 /* XCTest.framework */,
			);
			name = Frameworks;
			sourceTree = "<group>";
		};
		432D23C0193907510069AB94 /* AloneMakMak */ = {
			isa = PBXGroup;
			children = (
				432D23F219390EDC0069AB94 /* API */,
				43F07F62193D198000C5E49E /* Fonts */,
				43F07FAA193D2E9400C5E49E /* Images */,
				432D23F519390EDC0069AB94 /* Libs */,
				432D23CF193907510069AB94 /* Main_iPad.storyboard */,
				432D23CC193907510069AB94 /* Main_iPhone.storyboard */,
				432D23C9193907510069AB94 /* AMMAppDelegate.h */,
				432D23CA193907510069AB94 /* AMMAppDelegate.m */,
				432D23D2193907510069AB94 /* AMMViewController.h */,
				432D23D3193907510069AB94 /* AMMViewController.m */,
				43F07FE3193D3AFA00C5E49E /* ViewThank */,
				43F07FDF193D386B00C5E49E /* ViewSendEmail */,
				432D242519392AAE0069AB94 /* ViewOutput */,
				43F07FA6193D272700C5E49E /* ViewShare */,
				432D2418193914B70069AB94 /* UIImagePickerCustom */,
				432D2414193910860069AB94 /* ViewListImage */,
				432D23D5193907510069AB94 /* Images.xcassets */,
				432D23C1193907510069AB94 /* Supporting Files */,
			);
			path = AloneMakMak;
			sourceTree = "<group>";
		};
		432D23C1193907510069AB94 /* Supporting Files */ = {
			isa = PBXGroup;
			children = (
				432D23C2193907510069AB94 /* AloneMakMak-Info.plist */,
				432D23C3193907510069AB94 /* InfoPlist.strings */,
				432D23C6193907510069AB94 /* main.m */,
				432D23C8193907510069AB94 /* AloneMakMak-Prefix.pch */,
			);
			name = "Supporting Files";
			sourceTree = "<group>";
		};
		432D23E2193907510069AB94 /* AloneMakMakTests */ = {
			isa = PBXGroup;
			children = (
				432D23E8193907510069AB94 /* AloneMakMakTests.m */,
				432D23E3193907510069AB94 /* Supporting Files */,
			);
			path = AloneMakMakTests;
			sourceTree = "<group>";
		};
		432D23E3193907510069AB94 /* Supporting Files */ = {
			isa = PBXGroup;
			children = (
				432D23E4193907510069AB94 /* AloneMakMakTests-Info.plist */,
				432D23E5193907510069AB94 /* InfoPlist.strings */,
			);
			name = "Supporting Files";
			sourceTree = "<group>";
		};
		432D23F219390EDC0069AB94 /* API */ = {
			isa = PBXGroup;
			children = (
				432D23F319390EDC0069AB94 /* API.h */,
				432D23F419390EDC0069AB94 /* API.m */,
			);
			path = API;
			sourceTree = "<group>";
		};
		432D23F519390EDC0069AB94 /* Libs */ = {
			isa = PBXGroup;
			children = (
				432D2421193921F10069AB94 /* ViewUtil */,
				432D23F619390EDC0069AB94 /* AFNetworking */,
			);
			path = Libs;
			sourceTree = "<group>";
		};
		432D23F619390EDC0069AB94 /* AFNetworking */ = {
			isa = PBXGroup;
			children = (
				432D23F719390EDC0069AB94 /* AFHTTPRequestOperation.h */,
				432D23F819390EDC0069AB94 /* AFHTTPRequestOperation.m */,
				432D23F919390EDC0069AB94 /* AFHTTPRequestOperationManager.h */,
				432D23FA19390EDC0069AB94 /* AFHTTPRequestOperationManager.m */,
				432D23FB19390EDC0069AB94 /* AFHTTPSessionManager.h */,
				432D23FC19390EDC0069AB94 /* AFHTTPSessionManager.m */,
				432D23FD19390EDC0069AB94 /* AFNetworking.h */,
				432D23FE19390EDC0069AB94 /* AFNetworkReachabilityManager.h */,
				432D23FF19390EDC0069AB94 /* AFNetworkReachabilityManager.m */,
				432D240019390EDC0069AB94 /* AFSecurityPolicy.h */,
				432D240119390EDC0069AB94 /* AFSecurityPolicy.m */,
				432D240219390EDC0069AB94 /* AFURLConnectionOperation.h */,
				432D240319390EDC0069AB94 /* AFURLConnectionOperation.m */,
				432D240419390EDC0069AB94 /* AFURLRequestSerialization.h */,
				432D240519390EDC0069AB94 /* AFURLRequestSerialization.m */,
				432D240619390EDC0069AB94 /* AFURLResponseSerialization.h */,
				432D240719390EDC0069AB94 /* AFURLResponseSerialization.m */,
				432D240819390EDC0069AB94 /* AFURLSessionManager.h */,
				432D240919390EDC0069AB94 /* AFURLSessionManager.m */,
			);
			path = AFNetworking;
			sourceTree = "<group>";
		};
		432D2414193910860069AB94 /* ViewListImage */ = {
			isa = PBXGroup;
			children = (
				432D2415193910970069AB94 /* ViewListImage.h */,
				432D2416193910970069AB94 /* ViewListImage.m */,
			);
			path = ViewListImage;
			sourceTree = "<group>";
		};
		432D2418193914B70069AB94 /* UIImagePickerCustom */ = {
			isa = PBXGroup;
			children = (
				432D2419193914C80069AB94 /* UIImagePickerCustom.h */,
				432D241A193914C80069AB94 /* UIImagePickerCustom.m */,
			);
			path = UIImagePickerCustom;
			sourceTree = "<group>";
		};
		432D2421193921F10069AB94 /* ViewUtil */ = {
			isa = PBXGroup;
			children = (
				432D2422193921F10069AB94 /* ViewUtil.h */,
				432D2423193921F10069AB94 /* ViewUtil.m */,
			);
			path = ViewUtil;
			sourceTree = "<group>";
		};
		432D242519392AAE0069AB94 /* ViewOutput */ = {
			isa = PBXGroup;
			children = (
				432D242619392AC00069AB94 /* ViewOutput.h */,
				432D242719392AC00069AB94 /* ViewOutput.m */,
			);
			path = ViewOutput;
			sourceTree = "<group>";
		};
		43F07F62193D198000C5E49E /* Fonts */ = {
			isa = PBXGroup;
			children = (
				43F07F63193D198000C5E49E /* DB Silom X Bd_0.ttf */,
				43F07F64193D198000C5E49E /* DB Silom X BdIt_0.ttf */,
				43F07F65193D198000C5E49E /* DB Silom X Italic_0.ttf */,
				43F07F66193D198000C5E49E /* DB Silom X_0.ttf */,
			);
			path = Fonts;
			sourceTree = "<group>";
		};
		43F07FA6193D272700C5E49E /* ViewShare */ = {
			isa = PBXGroup;
			children = (
				43F07FA7193D273300C5E49E /* ViewShare.h */,
				43F07FA8193D273300C5E49E /* ViewShare.m */,
			);
			path = ViewShare;
			sourceTree = "<group>";
		};
		43F07FAA193D2E9400C5E49E /* Images */ = {
			isa = PBXGroup;
			children = (
				43F07FAB193D2E9400C5E49E /* enteremail-bg.png */,
				43F07FAC193D2E9400C5E49E /* enteremail-bg@2x.png */,
				43F07FAD193D2E9400C5E49E /* enteremail-FormEmail.png */,
				43F07FAE193D2E9400C5E49E /* enteremail-FormEmail@2x.png */,
				43F07FAF193D2E9400C5E49E /* frame.png */,
				43F07FB0193D2E9400C5E49E /* frame@2x.png */,
				43F07FB1193D2E9400C5E49E /* intro-02.png */,
				43F07FB2193D2E9400C5E49E /* intro-02@2x.png */,
				43F07FB3193D2E9400C5E49E /* intro-bg.jpg */,
				43F07FB4193D2E9400C5E49E /* intro-bg@2x.jpg */,
				43F07FB5193D2E9400C5E49E /* intro-btnGallery.png */,
				43F07FB6193D2E9400C5E49E /* intro-btnGallery@2x.png */,
				43F07FB7193D2E9400C5E49E /* intro-btnStart.png */,
				43F07FB8193D2E9400C5E49E /* intro-btnStart@2x.png */,
				43F07FB9193D2E9400C5E49E /* share-bg.jpg */,
				43F07FBA193D2E9400C5E49E /* share-bg@2x.jpg */,
				43F07FBB193D2E9400C5E49E /* share-btnBack.png */,
				43F07FBC193D2E9400C5E49E /* share-btnBack@2x.png */,
				43F07FBD193D2E9400C5E49E /* share-btnFB.png */,
				43F07FBE193D2E9400C5E49E /* share-btnFB@2x.png */,
				43F07FBF193D2E9400C5E49E /* share-btnSendMail.png */,
				43F07FC0193D2E9400C5E49E /* share-btnSendMail@2x.png */,
				43F07FC1193D2E9400C5E49E /* share-Logo.png */,
				43F07FC2193D2E9400C5E49E /* share-Logo@2x.png */,
				43F07FC3193D2E9400C5E49E /* thx-btnBackhome.png */,
				43F07FC4193D2E9400C5E49E /* thx-btnBackhome@2x.png */,
			);
			path = Images;
			sourceTree = "<group>";
		};
		43F07FDF193D386B00C5E49E /* ViewSendEmail */ = {
			isa = PBXGroup;
			children = (
				43F07FE0193D387800C5E49E /* ViewSendEmail.h */,
				43F07FE1193D387800C5E49E /* ViewSendEmail.m */,
			);
			path = ViewSendEmail;
			sourceTree = "<group>";
		};
		43F07FE3193D3AFA00C5E49E /* ViewThank */ = {
			isa = PBXGroup;
			children = (
				43F07FE4193D3B0700C5E49E /* ViewThank.h */,
				43F07FE5193D3B0700C5E49E /* ViewThank.m */,
			);
			path = ViewThank;
			sourceTree = "<group>";
		};
/* End PBXGroup section */

/* Begin PBXNativeTarget section */
		432D23B6193907510069AB94 /* AloneMakMak */ = {
			isa = PBXNativeTarget;
			buildConfigurationList = 432D23EC193907510069AB94 /* Build configuration list for PBXNativeTarget "AloneMakMak" */;
			buildPhases = (
				432D23B3193907510069AB94 /* Sources */,
				432D23B4193907510069AB94 /* Frameworks */,
				432D23B5193907510069AB94 /* Resources */,
			);
			buildRules = (
			);
			dependencies = (
			);
			name = AloneMakMak;
			productName = AloneMakMak;
			productReference = 432D23B7193907510069AB94 /* AloneMakMak.app */;
			productType = "com.apple.product-type.application";
		};
		432D23DA193907510069AB94 /* AloneMakMakTests */ = {
			isa = PBXNativeTarget;
			buildConfigurationList = 432D23EF193907510069AB94 /* Build configuration list for PBXNativeTarget "AloneMakMakTests" */;
			buildPhases = (
				432D23D7193907510069AB94 /* Sources */,
				432D23D8193907510069AB94 /* Frameworks */,
				432D23D9193907510069AB94 /* Resources */,
			);
			buildRules = (
			);
			dependencies = (
				432D23E1193907510069AB94 /* PBXTargetDependency */,
			);
			name = AloneMakMakTests;
			productName = AloneMakMakTests;
			productReference = 432D23DB193907510069AB94 /* AloneMakMakTests.xctest */;
			productType = "com.apple.product-type.bundle.unit-test";
		};
/* End PBXNativeTarget section */

/* Begin PBXProject section */
		432D23AF193907510069AB94 /* Project object */ = {
			isa = PBXProject;
			attributes = {
				CLASSPREFIX = AMM;
				LastUpgradeCheck = 0510;
				ORGANIZATIONNAME = hlpth;
				TargetAttributes = {
					432D23DA193907510069AB94 = {
						TestTargetID = 432D23B6193907510069AB94;
					};
				};
			};
			buildConfigurationList = 432D23B2193907510069AB94 /* Build configuration list for PBXProject "AloneMakMak" */;
			compatibilityVersion = "Xcode 3.2";
			developmentRegion = English;
			hasScannedForEncodings = 0;
			knownRegions = (
				en,
				Base,
			);
			mainGroup = 432D23AE193907510069AB94;
			productRefGroup = 432D23B8193907510069AB94 /* Products */;
			projectDirPath = "";
			projectRoot = "";
			targets = (
				432D23B6193907510069AB94 /* AloneMakMak */,
				432D23DA193907510069AB94 /* AloneMakMakTests */,
			);
		};
/* End PBXProject section */

/* Begin PBXResourcesBuildPhase section */
		432D23B5193907510069AB94 /* Resources */ = {
			isa = PBXResourcesBuildPhase;
			buildActionMask = 2147483647;
			files = (
				43F07FCA193D2E9400C5E49E /* frame@2x.png in Resources */,
				432D23D1193907510069AB94 /* Main_iPad.storyboard in Resources */,
				43F07FC5193D2E9400C5E49E /* enteremail-bg.png in Resources */,
				43F07FCF193D2E9400C5E49E /* intro-btnGallery.png in Resources */,
				43F07FCB193D2E9400C5E49E /* intro-02.png in Resources */,
				43F07F86193D198000C5E49E /* DB Silom X BdIt_0.ttf in Resources */,
				43F07FDE193D2E9400C5E49E /* thx-btnBackhome@2x.png in Resources */,
				432D23D6193907510069AB94 /* Images.xcassets in Resources */,
				432D23CE193907510069AB94 /* Main_iPhone.storyboard in Resources */,
				43F07FD9193D2E9400C5E49E /* share-btnSendMail.png in Resources */,
				43F07FDD193D2E9400C5E49E /* thx-btnBackhome.png in Resources */,
				43F07FD1193D2E9400C5E49E /* intro-btnStart.png in Resources */,
				43F07FD4193D2E9400C5E49E /* share-bg@2x.jpg in Resources */,
				43F07FCC193D2E9400C5E49E /* intro-02@2x.png in Resources */,
				43F07FDA193D2E9400C5E49E /* share-btnSendMail@2x.png in Resources */,
				43F07FC6193D2E9400C5E49E /* enteremail-bg@2x.png in Resources */,
				432D23C5193907510069AB94 /* InfoPlist.strings in Resources */,
				43F07FCD193D2E9400C5E49E /* intro-bg.jpg in Resources */,
				43F07FC9193D2E9400C5E49E /* frame.png in Resources */,
				43F07FC8193D2E9400C5E49E /* enteremail-FormEmail@2x.png in Resources */,
				43F07F88193D198000C5E49E /* DB Silom X_0.ttf in Resources */,
				43F07FD5193D2E9400C5E49E /* share-btnBack.png in Resources */,
				43F07F85193D198000C5E49E /* DB Silom X Bd_0.ttf in Resources */,
				43F07FC7193D2E9400C5E49E /* enteremail-FormEmail.png in Resources */,
				43F07FD6193D2E9400C5E49E /* share-btnBack@2x.png in Resources */,
				43F07FD0193D2E9400C5E49E /* intro-btnGallery@2x.png in Resources */,
				43F07FCE193D2E9400C5E49E /* intro-bg@2x.jpg in Resources */,
				43F07FDB193D2E9400C5E49E /* share-Logo.png in Resources */,
				43F07FD8193D2E9400C5E49E /* share-btnFB@2x.png in Resources */,
				43F07F87193D198000C5E49E /* DB Silom X Italic_0.ttf in Resources */,
				43F07FD2193D2E9400C5E49E /* intro-btnStart@2x.png in Resources */,
				43F07FD7193D2E9400C5E49E /* share-btnFB.png in Resources */,
				43F07FD3193D2E9400C5E49E /* share-bg.jpg in Resources */,
				43F07FDC193D2E9400C5E49E /* share-Logo@2x.png in Resources */,
			);
			runOnlyForDeploymentPostprocessing = 0;
		};
		432D23D9193907510069AB94 /* Resources */ = {
			isa = PBXResourcesBuildPhase;
			buildActionMask = 2147483647;
			files = (
				432D23E7193907510069AB94 /* InfoPlist.strings in Resources */,
			);
			runOnlyForDeploymentPostprocessing = 0;
		};
/* End PBXResourcesBuildPhase section */

/* Begin PBXSourcesBuildPhase section */
		432D23B3193907510069AB94 /* Sources */ = {
			isa = PBXSourcesBuildPhase;
			buildActionMask = 2147483647;
			files = (
				43F07FA9193D273300C5E49E /* ViewShare.m in Sources */,
				432D23D4193907510069AB94 /* AMMViewController.m in Sources */,
				432D240F19390EDC0069AB94 /* AFSecurityPolicy.m in Sources */,
				43F07FE6193D3B0700C5E49E /* ViewThank.m in Sources */,
				432D23CB193907510069AB94 /* AMMAppDelegate.m in Sources */,
				432D242819392AC00069AB94 /* ViewOutput.m in Sources */,
				432D240C19390EDC0069AB94 /* AFHTTPRequestOperationManager.m in Sources */,
				43F07FE2193D387800C5E49E /* ViewSendEmail.m in Sources */,
				432D241019390EDC0069AB94 /* AFURLConnectionOperation.m in Sources */,
				432D240B19390EDC0069AB94 /* AFHTTPRequestOperation.m in Sources */,
				432D240A19390EDC0069AB94 /* API.m in Sources */,
				432D241119390EDC0069AB94 /* AFURLRequestSerialization.m in Sources */,
				432D240D19390EDC0069AB94 /* AFHTTPSessionManager.m in Sources */,
				432D240E19390EDC0069AB94 /* AFNetworkReachabilityManager.m in Sources */,
				432D2417193910970069AB94 /* ViewListImage.m in Sources */,
				432D241B193914C80069AB94 /* UIImagePickerCustom.m in Sources */,
				432D241219390EDC0069AB94 /* AFURLResponseSerialization.m in Sources */,
				432D241319390EDC0069AB94 /* AFURLSessionManager.m in Sources */,
				432D2424193921F10069AB94 /* ViewUtil.m in Sources */,
				432D23C7193907510069AB94 /* main.m in Sources */,
			);
			runOnlyForDeploymentPostprocessing = 0;
		};
		432D23D7193907510069AB94 /* Sources */ = {
			isa = PBXSourcesBuildPhase;
			buildActionMask = 2147483647;
			files = (
				432D23E9193907510069AB94 /* AloneMakMakTests.m in Sources */,
			);
			runOnlyForDeploymentPostprocessing = 0;
		};
/* End PBXSourcesBuildPhase section */

/* Begin PBXTargetDependency section */
		432D23E1193907510069AB94 /* PBXTargetDependency */ = {
			isa = PBXTargetDependency;
			target = 432D23B6193907510069AB94 /* AloneMakMak */;
			targetProxy = 432D23E0193907510069AB94 /* PBXContainerItemProxy */;
		};
/* End PBXTargetDependency section */

/* Begin PBXVariantGroup section */
		432D23C3193907510069AB94 /* InfoPlist.strings */ = {
			isa = PBXVariantGroup;
			children = (
				432D23C4193907510069AB94 /* en */,
			);
			name = InfoPlist.strings;
			sourceTree = "<group>";
		};
		432D23CC193907510069AB94 /* Main_iPhone.storyboard */ = {
			isa = PBXVariantGroup;
			children = (
				432D23CD193907510069AB94 /* Base */,
			);
			name = Main_iPhone.storyboard;
			sourceTree = "<group>";
		};
		432D23CF193907510069AB94 /* Main_iPad.storyboard */ = {
			isa = PBXVariantGroup;
			children = (
				432D23D0193907510069AB94 /* Base */,
			);
			name = Main_iPad.storyboard;
			sourceTree = "<group>";
		};
		432D23E5193907510069AB94 /* InfoPlist.strings */ = {
			isa = PBXVariantGroup;
			children = (
				432D23E6193907510069AB94 /* en */,
			);
			name = InfoPlist.strings;
			sourceTree = "<group>";
		};
/* End PBXVariantGroup section */

/* Begin XCBuildConfiguration section */
		432D23EA193907510069AB94 /* Debug */ = {
			isa = XCBuildConfiguration;
			buildSettings = {
				ALWAYS_SEARCH_USER_PATHS = NO;
				CLANG_CXX_LANGUAGE_STANDARD = "gnu++0x";
				CLANG_CXX_LIBRARY = "libc++";
				CLANG_ENABLE_MODULES = YES;
				CLANG_ENABLE_OBJC_ARC = YES;
				CLANG_WARN_BOOL_CONVERSION = YES;
				CLANG_WARN_CONSTANT_CONVERSION = YES;
				CLANG_WARN_DIRECT_OBJC_ISA_USAGE = YES_ERROR;
				CLANG_WARN_EMPTY_BODY = YES;
				CLANG_WARN_ENUM_CONVERSION = YES;
				CLANG_WARN_INT_CONVERSION = YES;
				CLANG_WARN_OBJC_ROOT_CLASS = YES_ERROR;
				CLANG_WARN__DUPLICATE_METHOD_MATCH = YES;
				"CODE_SIGN_IDENTITY[sdk=iphoneos*]" = "iPhone Developer";
				COPY_PHASE_STRIP = NO;
				GCC_C_LANGUAGE_STANDARD = gnu99;
				GCC_DYNAMIC_NO_PIC = NO;
				GCC_OPTIMIZATION_LEVEL = 0;
				GCC_PREPROCESSOR_DEFINITIONS = (
					"DEBUG=1",
					"$(inherited)",
				);
				GCC_SYMBOLS_PRIVATE_EXTERN = NO;
				GCC_WARN_64_TO_32_BIT_CONVERSION = YES;
				GCC_WARN_ABOUT_RETURN_TYPE = YES_ERROR;
				GCC_WARN_UNDECLARED_SELECTOR = YES;
				GCC_WARN_UNINITIALIZED_AUTOS = YES_AGGRESSIVE;
				GCC_WARN_UNUSED_FUNCTION = YES;
				GCC_WARN_UNUSED_VARIABLE = YES;
				IPHONEOS_DEPLOYMENT_TARGET = 7.1;
				ONLY_ACTIVE_ARCH = YES;
				SDKROOT = iphoneos;
				TARGETED_DEVICE_FAMILY = "1,2";
			};
			name = Debug;
		};
		432D23EB193907510069AB94 /* Release */ = {
			isa = XCBuildConfiguration;
			buildSettings = {
				ALWAYS_SEARCH_USER_PATHS = NO;
				CLANG_CXX_LANGUAGE_STANDARD = "gnu++0x";
				CLANG_CXX_LIBRARY = "libc++";
				CLANG_ENABLE_MODULES = YES;
				CLANG_ENABLE_OBJC_ARC = YES;
				CLANG_WARN_BOOL_CONVERSION = YES;
				CLANG_WARN_CONSTANT_CONVERSION = YES;
				CLANG_WARN_DIRECT_OBJC_ISA_USAGE = YES_ERROR;
				CLANG_WARN_EMPTY_BODY = YES;
				CLANG_WARN_ENUM_CONVERSION = YES;
				CLANG_WARN_INT_CONVERSION = YES;
				CLANG_WARN_OBJC_ROOT_CLASS = YES_ERROR;
				CLANG_WARN__DUPLICATE_METHOD_MATCH = YES;
				"CODE_SIGN_IDENTITY[sdk=iphoneos*]" = "iPhone Developer";
				COPY_PHASE_STRIP = YES;
				ENABLE_NS_ASSERTIONS = NO;
				GCC_C_LANGUAGE_STANDARD = gnu99;
				GCC_WARN_64_TO_32_BIT_CONVERSION = YES;
				GCC_WARN_ABOUT_RETURN_TYPE = YES_ERROR;
				GCC_WARN_UNDECLARED_SELECTOR = YES;
				GCC_WARN_UNINITIALIZED_AUTOS = YES_AGGRESSIVE;
				GCC_WARN_UNUSED_FUNCTION = YES;
				GCC_WARN_UNUSED_VARIABLE = YES;
				IPHONEOS_DEPLOYMENT_TARGET = 7.1;
				SDKROOT = iphoneos;
				TARGETED_DEVICE_FAMILY = "1,2";
				VALIDATE_PRODUCT = YES;
			};
			name = Release;
		};
		432D23ED193907510069AB94 /* Debug */ = {
			isa = XCBuildConfiguration;
			buildSettings = {
				ASSETCATALOG_COMPILER_APPICON_NAME = AppIcon;
				ASSETCATALOG_COMPILER_LAUNCHIMAGE_NAME = LaunchImage;
				GCC_PRECOMPILE_PREFIX_HEADER = YES;
				GCC_PREFIX_HEADER = "AloneMakMak/AloneMakMak-Prefix.pch";
				INFOPLIST_FILE = "AloneMakMak/AloneMakMak-Info.plist";
				PRODUCT_NAME = "$(TARGET_NAME)";
				TARGETED_DEVICE_FAMILY = 2;
				WRAPPER_EXTENSION = app;
			};
			name = Debug;
		};
		432D23EE193907510069AB94 /* Release */ = {
			isa = XCBuildConfiguration;
			buildSettings = {
				ASSETCATALOG_COMPILER_APPICON_NAME = AppIcon;
				ASSETCATALOG_COMPILER_LAUNCHIMAGE_NAME = LaunchImage;
				GCC_PRECOMPILE_PREFIX_HEADER = YES;
				GCC_PREFIX_HEADER = "AloneMakMak/AloneMakMak-Prefix.pch";
				INFOPLIST_FILE = "AloneMakMak/AloneMakMak-Info.plist";
				PRODUCT_NAME = "$(TARGET_NAME)";
				TARGETED_DEVICE_FAMILY = 2;
				WRAPPER_EXTENSION = app;
			};
			name = Release;
		};
		432D23F0193907510069AB94 /* Debug */ = {
			isa = XCBuildConfiguration;
			buildSettings = {
				BUNDLE_LOADER = "$(BUILT_PRODUCTS_DIR)/AloneMakMak.app/AloneMakMak";
				FRAMEWORK_SEARCH_PATHS = (
					"$(SDKROOT)/Developer/Library/Frameworks",
					"$(inherited)",
					"$(DEVELOPER_FRAMEWORKS_DIR)",
				);
				GCC_PRECOMPILE_PREFIX_HEADER = YES;
				GCC_PREFIX_HEADER = "AloneMakMak/AloneMakMak-Prefix.pch";
				GCC_PREPROCESSOR_DEFINITIONS = (
					"DEBUG=1",
					"$(inherited)",
				);
				INFOPLIST_FILE = "AloneMakMakTests/AloneMakMakTests-Info.plist";
				PRODUCT_NAME = "$(TARGET_NAME)";
				TEST_HOST = "$(BUNDLE_LOADER)";
				WRAPPER_EXTENSION = xctest;
			};
			name = Debug;
		};
		432D23F1193907510069AB94 /* Release */ = {
			isa = XCBuildConfiguration;
			buildSettings = {
				BUNDLE_LOADER = "$(BUILT_PRODUCTS_DIR)/AloneMakMak.app/AloneMakMak";
				FRAMEWORK_SEARCH_PATHS = (
					"$(SDKROOT)/Developer/Library/Frameworks",
					"$(inherited)",
					"$(DEVELOPER_FRAMEWORKS_DIR)",
				);
				GCC_PRECOMPILE_PREFIX_HEADER = YES;
				GCC_PREFIX_HEADER = "AloneMakMak/AloneMakMak-Prefix.pch";
				INFOPLIST_FILE = "AloneMakMakTests/AloneMakMakTests-Info.plist";
				PRODUCT_NAME = "$(TARGET_NAME)";
				TEST_HOST = "$(BUNDLE_LOADER)";
				WRAPPER_EXTENSION = xctest;
			};
			name = Release;
		};
/* End XCBuildConfiguration section */

/* Begin XCConfigurationList section */
		432D23B2193907510069AB94 /* Build configuration list for PBXProject "AloneMakMak" */ = {
			isa = XCConfigurationList;
			buildConfigurations = (
				432D23EA193907510069AB94 /* Debug */,
				432D23EB193907510069AB94 /* Release */,
			);
			defaultConfigurationIsVisible = 0;
			defaultConfigurationName = Release;
		};
		432D23EC193907510069AB94 /* Build configuration list for PBXNativeTarget "AloneMakMak" */ = {
			isa = XCConfigurationList;
			buildConfigurations = (
				432D23ED193907510069AB94 /* Debug */,
				432D23EE193907510069AB94 /* Release */,
			);
			defaultConfigurationIsVisible = 0;
			defaultConfigurationName = Release;
		};
		432D23EF193907510069AB94 /* Build configuration list for PBXNativeTarget "AloneMakMakTests" */ = {
			isa = XCConfigurationList;
			buildConfigurations = (
				432D23F0193907510069AB94 /* Debug */,
				432D23F1193907510069AB94 /* Release */,
			);
			defaultConfigurationIsVisible = 0;
			defaultConfigurationName = Release;
		};
/* End XCConfigurationList section */
	};
	rootObject = 432D23AF193907510069AB94 /* Project object */;
}
